
Microsoft Visual Studio Solution File, Format Version 12.00
# Visual Studio 14
VisualStudioVersion = 14.0.24720.0
MinimumVisualStudioVersion = 10.0.40219.1
Project("{FAE04EC0-301F-11D3-BF4B-00C04F79EFBC}") = "Lagerverwaltung_Testklassen", "Lagerverwaltung_Testklassen\Lagerverwaltung_Testklassen.csproj", "{6F2644D7-88B5-41EF-8F3E-F7B5605FD09A}"
EndProject
Project("{FAE04EC0-301F-11D3-BF4B-00C04F79EFBC}") = "Lagerverwaltung_Bauhaus", "..\..\..\..\Downloads\Lagerverwaltung_Bauhaus\Lagerverwaltung_Bauhaus\lagerverwaltung_bauhaus\Lagerverwaltung_Bauhaus.csproj", "{1742EC24-3C76-42BC-A79B-714EDEF59166}"
EndProject
Global
	GlobalSection(SolutionConfigurationPlatforms) = preSolution
		Debug|Any CPU = Debug|Any CPU
		Release|Any CPU = Release|Any CPU
	EndGlobalSection
	GlobalSection(ProjectConfigurationPlatforms) = postSolution
		{6F2644D7-88B5-41EF-8F3E-F7B5605FD09A}.Debug|Any CPU.ActiveCfg = Debug|Any CPU
		{6F2644D7-88B5-41EF-8F3E-F7B5605FD09A}.Debug|Any CPU.Build.0 = Debug|Any CPU
		{6F2644D7-88B5-41EF-8F3E-F7B5605FD09A}.Release|Any CPU.ActiveCfg = Release|Any CPU
		{6F2644D7-88B5-41EF-8F3E-F7B5605FD09A}.Release|Any CPU.Build.0 = Release|Any CPU
		{1742EC24-3C76-42BC-A79B-714EDEF59166}.Debug|Any CPU.ActiveCfg = Debug|Any CPU
		{1742EC24-3C76-42BC-A79B-714EDEF59166}.Debug|Any CPU.Build.0 = Debug|Any CPU
		{1742EC24-3C76-42BC-A79B-714EDEF59166}.Release|Any CPU.ActiveCfg = Release|Any CPU
		{1742EC24-3C76-42BC-A79B-714EDEF59166}.Release|Any CPU.Build.0 = Release|Any CPU
	EndGlobalSection
	GlobalSection(SolutionProperties) = preSolution
		HideSolutionNode = FALSE
	EndGlobalSection
EndGlobal
